// !$*UTF8*$!
{
	archiveVersion = 1;
	classes = {
	};
	objectVersion = 50;
	objects = {

/* Begin PBXBuildFile section */
		2F69C11D4ECE7F0849E29264 /* Pods_summarizeReminder.framework in Frameworks */ = {isa = PBXBuildFile; fileRef = 0AB9677DF92C4E225EFB04C3 /* Pods_summarizeReminder.framework */; };
		8C12211C26C811A000655235 /* CategoryTableViewCell.swift in Sources */ = {isa = PBXBuildFile; fileRef = 8C12211B26C811A000655235 /* CategoryTableViewCell.swift */; };
		8C12211E26C8129700655235 /* Share.swift in Sources */ = {isa = PBXBuildFile; fileRef = 8C12211D26C8129700655235 /* Share.swift */; };
		8C25590326F77D4500A0797A /* DetailInputViewController.swift in Sources */ = {isa = PBXBuildFile; fileRef = 8C25590226F77D4500A0797A /* DetailInputViewController.swift */; };
		8C25590526F77D5A00A0797A /* DetailInputTableViewCell.swift in Sources */ = {isa = PBXBuildFile; fileRef = 8C25590426F77D5A00A0797A /* DetailInputTableViewCell.swift */; };
		8C2AAF6D26C95C5800B7D7CD /* TaskViewController.swift in Sources */ = {isa = PBXBuildFile; fileRef = 8C2AAF6C26C95C5800B7D7CD /* TaskViewController.swift */; };
		8C2AAF6F26CA60FA00B7D7CD /* InputViewController.swift in Sources */ = {isa = PBXBuildFile; fileRef = 8C2AAF6E26CA60FA00B7D7CD /* InputViewController.swift */; };
		8C2AAF7126CA646900B7D7CD /* InputTableViewCell.swift in Sources */ = {isa = PBXBuildFile; fileRef = 8C2AAF7026CA646900B7D7CD /* InputTableViewCell.swift */; };
		8C90EDE426DE15A50035870E /* TaskTableViewCell.swift in Sources */ = {isa = PBXBuildFile; fileRef = 8C90EDE326DE15A50035870E /* TaskTableViewCell.swift */; };
		8C964BFD27276504005FFD44 /* InputTableViewController.swift in Sources */ = {isa = PBXBuildFile; fileRef = 8C964BFC27276504005FFD44 /* InputTableViewController.swift */; };
		8CAEF7F726C7E94F00F1168C /* AppDelegate.swift in Sources */ = {isa = PBXBuildFile; fileRef = 8CAEF7F626C7E94F00F1168C /* AppDelegate.swift */; };
		8CAEF7F926C7E94F00F1168C /* SceneDelegate.swift in Sources */ = {isa = PBXBuildFile; fileRef = 8CAEF7F826C7E94F00F1168C /* SceneDelegate.swift */; };
		8CAEF7FB26C7E94F00F1168C /* CategoryViewController.swift in Sources */ = {isa = PBXBuildFile; fileRef = 8CAEF7FA26C7E94F00F1168C /* CategoryViewController.swift */; };
		8CAEF7FE26C7E94F00F1168C /* Main.storyboard in Resources */ = {isa = PBXBuildFile; fileRef = 8CAEF7FC26C7E94F00F1168C /* Main.storyboard */; };
		8CAEF80026C7E95200F1168C /* Assets.xcassets in Resources */ = {isa = PBXBuildFile; fileRef = 8CAEF7FF26C7E95200F1168C /* Assets.xcassets */; };
		8CAEF80326C7E95200F1168C /* LaunchScreen.storyboard in Resources */ = {isa = PBXBuildFile; fileRef = 8CAEF80126C7E95200F1168C /* LaunchScreen.storyboard */; };
		8CAEF80B26C7EDF900F1168C /* Constants.swift in Sources */ = {isa = PBXBuildFile; fileRef = 8CAEF80A26C7EDF900F1168C /* Constants.swift */; };
/* End PBXBuildFile section */

/* Begin PBXFileReference section */
		0AB9677DF92C4E225EFB04C3 /* Pods_summarizeReminder.framework */ = {isa = PBXFileReference; explicitFileType = wrapper.framework; includeInIndex = 0; path = Pods_summarizeReminder.framework; sourceTree = BUILT_PRODUCTS_DIR; };
		8C12211B26C811A000655235 /* CategoryTableViewCell.swift */ = {isa = PBXFileReference; lastKnownFileType = sourcecode.swift; path = CategoryTableViewCell.swift; sourceTree = "<group>"; };
		8C12211D26C8129700655235 /* Share.swift */ = {isa = PBXFileReference; lastKnownFileType = sourcecode.swift; path = Share.swift; sourceTree = "<group>"; };
		8C25590226F77D4500A0797A /* DetailInputViewController.swift */ = {isa = PBXFileReference; lastKnownFileType = sourcecode.swift; path = DetailInputViewController.swift; sourceTree = "<group>"; };
		8C25590426F77D5A00A0797A /* DetailInputTableViewCell.swift */ = {isa = PBXFileReference; lastKnownFileType = sourcecode.swift; path = DetailInputTableViewCell.swift; sourceTree = "<group>"; };
		8C2AAF6C26C95C5800B7D7CD /* TaskViewController.swift */ = {isa = PBXFileReference; lastKnownFileType = sourcecode.swift; path = TaskViewController.swift; sourceTree = "<group>"; };
		8C2AAF6E26CA60FA00B7D7CD /* InputViewController.swift */ = {isa = PBXFileReference; lastKnownFileType = sourcecode.swift; path = InputViewController.swift; sourceTree = "<group>"; };
		8C2AAF7026CA646900B7D7CD /* InputTableViewCell.swift */ = {isa = PBXFileReference; lastKnownFileType = sourcecode.swift; path = InputTableViewCell.swift; sourceTree = "<group>"; };
		8C90EDE326DE15A50035870E /* TaskTableViewCell.swift */ = {isa = PBXFileReference; lastKnownFileType = sourcecode.swift; path = TaskTableViewCell.swift; sourceTree = "<group>"; };
		8C964BFC27276504005FFD44 /* InputTableViewController.swift */ = {isa = PBXFileReference; lastKnownFileType = sourcecode.swift; path = InputTableViewController.swift; sourceTree = "<group>"; };
		8CAEF7F326C7E94F00F1168C /* summarizeReminder.app */ = {isa = PBXFileReference; explicitFileType = wrapper.application; includeInIndex = 0; path = summarizeReminder.app; sourceTree = BUILT_PRODUCTS_DIR; };
		8CAEF7F626C7E94F00F1168C /* AppDelegate.swift */ = {isa = PBXFileReference; lastKnownFileType = sourcecode.swift; path = AppDelegate.swift; sourceTree = "<group>"; };
		8CAEF7F826C7E94F00F1168C /* SceneDelegate.swift */ = {isa = PBXFileReference; lastKnownFileType = sourcecode.swift; path = SceneDelegate.swift; sourceTree = "<group>"; };
		8CAEF7FA26C7E94F00F1168C /* CategoryViewController.swift */ = {isa = PBXFileReference; lastKnownFileType = sourcecode.swift; path = CategoryViewController.swift; sourceTree = "<group>"; };
		8CAEF7FD26C7E94F00F1168C /* Base */ = {isa = PBXFileReference; lastKnownFileType = file.storyboard; name = Base; path = Base.lproj/Main.storyboard; sourceTree = "<group>"; };
		8CAEF7FF26C7E95200F1168C /* Assets.xcassets */ = {isa = PBXFileReference; lastKnownFileType = folder.assetcatalog; path = Assets.xcassets; sourceTree = "<group>"; };
		8CAEF80226C7E95200F1168C /* Base */ = {isa = PBXFileReference; lastKnownFileType = file.storyboard; name = Base; path = Base.lproj/LaunchScreen.storyboard; sourceTree = "<group>"; };
		8CAEF80426C7E95200F1168C /* Info.plist */ = {isa = PBXFileReference; lastKnownFileType = text.plist.xml; path = Info.plist; sourceTree = "<group>"; };
		8CAEF80A26C7EDF900F1168C /* Constants.swift */ = {isa = PBXFileReference; lastKnownFileType = sourcecode.swift; path = Constants.swift; sourceTree = "<group>"; };
		BD377E0C75E3EC684101336A /* Pods-summarizeReminder.release.xcconfig */ = {isa = PBXFileReference; includeInIndex = 1; lastKnownFileType = text.xcconfig; name = "Pods-summarizeReminder.release.xcconfig"; path = "Target Support Files/Pods-summarizeReminder/Pods-summarizeReminder.release.xcconfig"; sourceTree = "<group>"; };
		C529DFAF8296ED89D9849F28 /* Pods-summarizeReminder.debug.xcconfig */ = {isa = PBXFileReference; includeInIndex = 1; lastKnownFileType = text.xcconfig; name = "Pods-summarizeReminder.debug.xcconfig"; path = "Target Support Files/Pods-summarizeReminder/Pods-summarizeReminder.debug.xcconfig"; sourceTree = "<group>"; };
/* End PBXFileReference section */

/* Begin PBXFrameworksBuildPhase section */
		8CAEF7F026C7E94E00F1168C /* Frameworks */ = {
			isa = PBXFrameworksBuildPhase;
			buildActionMask = 2147483647;
			files = (
				2F69C11D4ECE7F0849E29264 /* Pods_summarizeReminder.framework in Frameworks */,
			);
			runOnlyForDeploymentPostprocessing = 0;
		};
/* End PBXFrameworksBuildPhase section */

/* Begin PBXGroup section */
		17032163C045884628293359 /* Pods */ = {
			isa = PBXGroup;
			children = (
				C529DFAF8296ED89D9849F28 /* Pods-summarizeReminder.debug.xcconfig */,
				BD377E0C75E3EC684101336A /* Pods-summarizeReminder.release.xcconfig */,
			);
			path = Pods;
			sourceTree = "<group>";
		};
		8C2AAF6926C956AF00B7D7CD /* Model */ = {
			isa = PBXGroup;
			children = (
				8C12211D26C8129700655235 /* Share.swift */,
				8CAEF80A26C7EDF900F1168C /* Constants.swift */,
			);
			path = Model;
			sourceTree = "<group>";
		};
		8C2AAF6A26C956E100B7D7CD /* View */ = {
			isa = PBXGroup;
			children = (
				8CAEF7FC26C7E94F00F1168C /* Main.storyboard */,
			);
			path = View;
			sourceTree = "<group>";
		};
		8C2AAF6B26C9570100B7D7CD /* Controller */ = {
			isa = PBXGroup;
			children = (
				8CAEF7FA26C7E94F00F1168C /* CategoryViewController.swift */,
				8C12211B26C811A000655235 /* CategoryTableViewCell.swift */,
				8C2AAF6C26C95C5800B7D7CD /* TaskViewController.swift */,
				8C90EDE326DE15A50035870E /* TaskTableViewCell.swift */,
				8C2AAF6E26CA60FA00B7D7CD /* InputViewController.swift */,
				8C2AAF7026CA646900B7D7CD /* InputTableViewCell.swift */,
				8C964BFC27276504005FFD44 /* InputTableViewController.swift */,
				8C25590226F77D4500A0797A /* DetailInputViewController.swift */,
				8C25590426F77D5A00A0797A /* DetailInputTableViewCell.swift */,
			);
			path = Controller;
			sourceTree = "<group>";
		};
		8CAEF7EA26C7E94E00F1168C = {
			isa = PBXGroup;
			children = (
				8CAEF7F526C7E94F00F1168C /* summarizeReminder */,
				8CAEF7F426C7E94F00F1168C /* Products */,
				17032163C045884628293359 /* Pods */,
				A71F7B9FCED351B8A879D96A /* Frameworks */,
			);
			sourceTree = "<group>";
		};
		8CAEF7F426C7E94F00F1168C /* Products */ = {
			isa = PBXGroup;
			children = (
				8CAEF7F326C7E94F00F1168C /* summarizeReminder.app */,
			);
			name = Products;
			sourceTree = "<group>";
		};
		8CAEF7F526C7E94F00F1168C /* summarizeReminder */ = {
			isa = PBXGroup;
			children = (
				8CAEF7F626C7E94F00F1168C /* AppDelegate.swift */,
				8CAEF7F826C7E94F00F1168C /* SceneDelegate.swift */,
				8C2AAF6926C956AF00B7D7CD /* Model */,
				8C2AAF6A26C956E100B7D7CD /* View */,
				8C2AAF6B26C9570100B7D7CD /* Controller */,
				8CAEF7FF26C7E95200F1168C /* Assets.xcassets */,
				8CAEF80126C7E95200F1168C /* LaunchScreen.storyboard */,
				8CAEF80426C7E95200F1168C /* Info.plist */,
			);
			path = summarizeReminder;
			sourceTree = "<group>";
		};
		A71F7B9FCED351B8A879D96A /* Frameworks */ = {
			isa = PBXGroup;
			children = (
				0AB9677DF92C4E225EFB04C3 /* Pods_summarizeReminder.framework */,
			);
			name = Frameworks;
			sourceTree = "<group>";
		};
/* End PBXGroup section */

/* Begin PBXNativeTarget section */
		8CAEF7F226C7E94E00F1168C /* summarizeReminder */ = {
			isa = PBXNativeTarget;
			buildConfigurationList = 8CAEF80726C7E95200F1168C /* Build configuration list for PBXNativeTarget "summarizeReminder" */;
			buildPhases = (
				036EC12F224EC63DB81DF014 /* [CP] Check Pods Manifest.lock */,
				8CAEF7EF26C7E94E00F1168C /* Sources */,
				8CAEF7F026C7E94E00F1168C /* Frameworks */,
				8CAEF7F126C7E94E00F1168C /* Resources */,
				8C3894D526D9101A00364A33 /* ShellScript */,
			);
			buildRules = (
			);
			dependencies = (
			);
			name = summarizeReminder;
			productName = summarizeReminder;
			productReference = 8CAEF7F326C7E94F00F1168C /* summarizeReminder.app */;
			productType = "com.apple.product-type.application";
		};
/* End PBXNativeTarget section */

/* Begin PBXProject section */
		8CAEF7EB26C7E94E00F1168C /* Project object */ = {
			isa = PBXProject;
			attributes = {
				LastSwiftUpdateCheck = 1250;
				LastUpgradeCheck = 1250;
				TargetAttributes = {
					8CAEF7F226C7E94E00F1168C = {
						CreatedOnToolsVersion = 12.5.1;
					};
				};
			};
			buildConfigurationList = 8CAEF7EE26C7E94E00F1168C /* Build configuration list for PBXProject "summarizeReminder" */;
			compatibilityVersion = "Xcode 9.3";
			developmentRegion = en;
			hasScannedForEncodings = 0;
			knownRegions = (
				en,
				Base,
			);
			mainGroup = 8CAEF7EA26C7E94E00F1168C;
			productRefGroup = 8CAEF7F426C7E94F00F1168C /* Products */;
			projectDirPath = "";
			projectRoot = "";
			targets = (
				8CAEF7F226C7E94E00F1168C /* summarizeReminder */,
			);
		};
/* End PBXProject section */

/* Begin PBXResourcesBuildPhase section */
		8CAEF7F126C7E94E00F1168C /* Resources */ = {
			isa = PBXResourcesBuildPhase;
			buildActionMask = 2147483647;
			files = (
				8CAEF80326C7E95200F1168C /* LaunchScreen.storyboard in Resources */,
				8CAEF80026C7E95200F1168C /* Assets.xcassets in Resources */,
				8CAEF7FE26C7E94F00F1168C /* Main.storyboard in Resources */,
			);
			runOnlyForDeploymentPostprocessing = 0;
		};
/* End PBXResourcesBuildPhase section */

/* Begin PBXShellScriptBuildPhase section */
		036EC12F224EC63DB81DF014 /* [CP] Check Pods Manifest.lock */ = {
			isa = PBXShellScriptBuildPhase;
			buildActionMask = 2147483647;
			files = (
			);
			inputFileListPaths = (
			);
			inputPaths = (
				"${PODS_PODFILE_DIR_PATH}/Podfile.lock",
				"${PODS_ROOT}/Manifest.lock",
			);
			name = "[CP] Check Pods Manifest.lock";
			outputFileListPaths = (
			);
			outputPaths = (
				"$(DERIVED_FILE_DIR)/Pods-summarizeReminder-checkManifestLockResult.txt",
			);
			runOnlyForDeploymentPostprocessing = 0;
			shellPath = /bin/sh;
			shellScript = "diff \"${PODS_PODFILE_DIR_PATH}/Podfile.lock\" \"${PODS_ROOT}/Manifest.lock\" > /dev/null\nif [ $? != 0 ] ; then\n    # print error to STDERR\n    echo \"error: The sandbox is not in sync with the Podfile.lock. Run 'pod install' or update your CocoaPods installation.\" >&2\n    exit 1\nfi\n# This output is used by Xcode 'outputs' to avoid re-running this script phase.\necho \"SUCCESS\" > \"${SCRIPT_OUTPUT_FILE_0}\"\n";
			showEnvVarsInLog = 0;
		};
		8C3894D526D9101A00364A33 /* ShellScript */ = {
			isa = PBXShellScriptBuildPhase;
			buildActionMask = 2147483647;
			files = (
			);
			inputFileListPaths = (
			);
			inputPaths = (
			);
			outputFileListPaths = (
			);
			outputPaths = (
			);
			runOnlyForDeploymentPostprocessing = 0;
			shellPath = /bin/sh;
			shellScript = "# Type a script or drag a script file from your workspace to insert its path.\n\n\"${PODS_ROOT}/SwiftLint/swiftlint\"\n";
		};
/* End PBXShellScriptBuildPhase section */

/* Begin PBXSourcesBuildPhase section */
		8CAEF7EF26C7E94E00F1168C /* Sources */ = {
			isa = PBXSourcesBuildPhase;
			buildActionMask = 2147483647;
			files = (
				8C12211E26C8129700655235 /* Share.swift in Sources */,
				8C2AAF6D26C95C5800B7D7CD /* TaskViewController.swift in Sources */,
				8C90EDE426DE15A50035870E /* TaskTableViewCell.swift in Sources */,
				8C964BFD27276504005FFD44 /* InputTableViewController.swift in Sources */,
				8C12211C26C811A000655235 /* CategoryTableViewCell.swift in Sources */,
				8C2AAF6F26CA60FA00B7D7CD /* InputViewController.swift in Sources */,
				8CAEF7FB26C7E94F00F1168C /* CategoryViewController.swift in Sources */,
				8CAEF7F726C7E94F00F1168C /* AppDelegate.swift in Sources */,
				8C25590526F77D5A00A0797A /* DetailInputTableViewCell.swift in Sources */,
				8C25590326F77D4500A0797A /* DetailInputViewController.swift in Sources */,
				8CAEF7F926C7E94F00F1168C /* SceneDelegate.swift in Sources */,
				8C2AAF7126CA646900B7D7CD /* InputTableViewCell.swift in Sources */,
				8CAEF80B26C7EDF900F1168C /* Constants.swift in Sources */,
			);
			runOnlyForDeploymentPostprocessing = 0;
		};
/* End PBXSourcesBuildPhase section */

/* Begin PBXVariantGroup section */
		8CAEF7FC26C7E94F00F1168C /* Main.storyboard */ = {
			isa = PBXVariantGroup;
			children = (
				8CAEF7FD26C7E94F00F1168C /* Base */,
			);
			name = Main.storyboard;
			sourceTree = "<group>";
		};
		8CAEF80126C7E95200F1168C /* LaunchScreen.storyboard */ = {
			isa = PBXVariantGroup;
			children = (
				8CAEF80226C7E95200F1168C /* Base */,
			);
			name = LaunchScreen.storyboard;
			sourceTree = "<group>";
		};
/* End PBXVariantGroup section */

/* Begin XCBuildConfiguration section */
		8CAEF80526C7E95200F1168C /* Debug */ = {
			isa = XCBuildConfiguration;
			buildSettings = {
				ALWAYS_SEARCH_USER_PATHS = NO;
				CLANG_ANALYZER_NONNULL = YES;
				CLANG_ANALYZER_NUMBER_OBJECT_CONVERSION = YES_AGGRESSIVE;
				CLANG_CXX_LANGUAGE_STANDARD = "gnu++14";
				CLANG_CXX_LIBRARY = "libc++";
				CLANG_ENABLE_MODULES = YES;
				CLANG_ENABLE_OBJC_ARC = YES;
				CLANG_ENABLE_OBJC_WEAK = YES;
				CLANG_WARN_BLOCK_CAPTURE_AUTORELEASING = YES;
				CLANG_WARN_BOOL_CONVERSION = YES;
				CLANG_WARN_COMMA = YES;
				CLANG_WARN_CONSTANT_CONVERSION = YES;
				CLANG_WARN_DEPRECATED_OBJC_IMPLEMENTATIONS = YES;
				CLANG_WARN_DIRECT_OBJC_ISA_USAGE = YES_ERROR;
				CLANG_WARN_DOCUMENTATION_COMMENTS = YES;
				CLANG_WARN_EMPTY_BODY = YES;
				CLANG_WARN_ENUM_CONVERSION = YES;
				CLANG_WARN_INFINITE_RECURSION = YES;
				CLANG_WARN_INT_CONVERSION = YES;
				CLANG_WARN_NON_LITERAL_NULL_CONVERSION = YES;
				CLANG_WARN_OBJC_IMPLICIT_RETAIN_SELF = YES;
				CLANG_WARN_OBJC_LITERAL_CONVERSION = YES;
				CLANG_WARN_OBJC_ROOT_CLASS = YES_ERROR;
				CLANG_WARN_QUOTED_INCLUDE_IN_FRAMEWORK_HEADER = YES;
				CLANG_WARN_RANGE_LOOP_ANALYSIS = YES;
				CLANG_WARN_STRICT_PROTOTYPES = YES;
				CLANG_WARN_SUSPICIOUS_MOVE = YES;
				CLANG_WARN_UNGUARDED_AVAILABILITY = YES_AGGRESSIVE;
				CLANG_WARN_UNREACHABLE_CODE = YES;
				CLANG_WARN__DUPLICATE_METHOD_MATCH = YES;
				COPY_PHASE_STRIP = NO;
				DEBUG_INFORMATION_FORMAT = dwarf;
				ENABLE_STRICT_OBJC_MSGSEND = YES;
				ENABLE_TESTABILITY = YES;
				GCC_C_LANGUAGE_STANDARD = gnu11;
				GCC_DYNAMIC_NO_PIC = NO;
				GCC_NO_COMMON_BLOCKS = YES;
				GCC_OPTIMIZATION_LEVEL = 0;
				GCC_PREPROCESSOR_DEFINITIONS = (
					"DEBUG=1",
					"$(inherited)",
				);
				GCC_WARN_64_TO_32_BIT_CONVERSION = YES;
				GCC_WARN_ABOUT_RETURN_TYPE = YES_ERROR;
				GCC_WARN_UNDECLARED_SELECTOR = YES;
				GCC_WARN_UNINITIALIZED_AUTOS = YES_AGGRESSIVE;
				GCC_WARN_UNUSED_FUNCTION = YES;
				GCC_WARN_UNUSED_VARIABLE = YES;
				IPHONEOS_DEPLOYMENT_TARGET = 14.5;
				MTL_ENABLE_DEBUG_INFO = INCLUDE_SOURCE;
				MTL_FAST_MATH = YES;
				ONLY_ACTIVE_ARCH = YES;
				SDKROOT = iphoneos;
				SWIFT_ACTIVE_COMPILATION_CONDITIONS = DEBUG;
				SWIFT_OPTIMIZATION_LEVEL = "-Onone";
			};
			name = Debug;
		};
		8CAEF80626C7E95200F1168C /* Release */ = {
			isa = XCBuildConfiguration;
			buildSettings = {
				ALWAYS_SEARCH_USER_PATHS = NO;
				CLANG_ANALYZER_NONNULL = YES;
				CLANG_ANALYZER_NUMBER_OBJECT_CONVERSION = YES_AGGRESSIVE;
				CLANG_CXX_LANGUAGE_STANDARD = "gnu++14";
				CLANG_CXX_LIBRARY = "libc++";
				CLANG_ENABLE_MODULES = YES;
				CLANG_ENABLE_OBJC_ARC = YES;
				CLANG_ENABLE_OBJC_WEAK = YES;
				CLANG_WARN_BLOCK_CAPTURE_AUTORELEASING = YES;
				CLANG_WARN_BOOL_CONVERSION = YES;
				CLANG_WARN_COMMA = YES;
				CLANG_WARN_CONSTANT_CONVERSION = YES;
				CLANG_WARN_DEPRECATED_OBJC_IMPLEMENTATIONS = YES;
				CLANG_WARN_DIRECT_OBJC_ISA_USAGE = YES_ERROR;
				CLANG_WARN_DOCUMENTATION_COMMENTS = YES;
				CLANG_WARN_EMPTY_BODY = YES;
				CLANG_WARN_ENUM_CONVERSION = YES;
				CLANG_WARN_INFINITE_RECURSION = YES;
				CLANG_WARN_INT_CONVERSION = YES;
				CLANG_WARN_NON_LITERAL_NULL_CONVERSION = YES;
				CLANG_WARN_OBJC_IMPLICIT_RETAIN_SELF = YES;
				CLANG_WARN_OBJC_LITERAL_CONVERSION = YES;
				CLANG_WARN_OBJC_ROOT_CLASS = YES_ERROR;
				CLANG_WARN_QUOTED_INCLUDE_IN_FRAMEWORK_HEADER = YES;
				CLANG_WARN_RANGE_LOOP_ANALYSIS = YES;
				CLANG_WARN_STRICT_PROTOTYPES = YES;
				CLANG_WARN_SUSPICIOUS_MOVE = YES;
				CLANG_WARN_UNGUARDED_AVAILABILITY = YES_AGGRESSIVE;
				CLANG_WARN_UNREACHABLE_CODE = YES;
				CLANG_WARN__DUPLICATE_METHOD_MATCH = YES;
				COPY_PHASE_STRIP = NO;
				DEBUG_INFORMATION_FORMAT = "dwarf-with-dsym";
				ENABLE_NS_ASSERTIONS = NO;
				ENABLE_STRICT_OBJC_MSGSEND = YES;
				GCC_C_LANGUAGE_STANDARD = gnu11;
				GCC_NO_COMMON_BLOCKS = YES;
				GCC_WARN_64_TO_32_BIT_CONVERSION = YES;
				GCC_WARN_ABOUT_RETURN_TYPE = YES_ERROR;
				GCC_WARN_UNDECLARED_SELECTOR = YES;
				GCC_WARN_UNINITIALIZED_AUTOS = YES_AGGRESSIVE;
				GCC_WARN_UNUSED_FUNCTION = YES;
				GCC_WARN_UNUSED_VARIABLE = YES;
				IPHONEOS_DEPLOYMENT_TARGET = 14.5;
				MTL_ENABLE_DEBUG_INFO = NO;
				MTL_FAST_MATH = YES;
				SDKROOT = iphoneos;
				SWIFT_COMPILATION_MODE = wholemodule;
				SWIFT_OPTIMIZATION_LEVEL = "-O";
				VALIDATE_PRODUCT = YES;
			};
			name = Release;
		};
		8CAEF80826C7E95200F1168C /* Debug */ = {
			isa = XCBuildConfiguration;
			baseConfigurationReference = C529DFAF8296ED89D9849F28 /* Pods-summarizeReminder.debug.xcconfig */;
			buildSettings = {
				ASSETCATALOG_COMPILER_APPICON_NAME = AppIcon;
				ASSETCATALOG_COMPILER_GLOBAL_ACCENT_COLOR_NAME = AccentColor;
				CODE_SIGN_STYLE = Automatic;
				DEVELOPMENT_TEAM = 6H7CM9RQ6P;
				INFOPLIST_FILE = summarizeReminder/Info.plist;
				IPHONEOS_DEPLOYMENT_TARGET = 13.0;
				LD_RUNPATH_SEARCH_PATHS = (
					"$(inherited)",
					"@executable_path/Frameworks",
				);
				PRODUCT_BUNDLE_IDENTIFIER = com.gmail.wangyuexing34.summarizeReminder;
				PRODUCT_NAME = "$(TARGET_NAME)";
				SWIFT_VERSION = 5.0;
				TARGETED_DEVICE_FAMILY = 1;
			};
			name = Debug;
		};
		8CAEF80926C7E95200F1168C /* Release */ = {
			isa = XCBuildConfiguration;
			baseConfigurationReference = BD377E0C75E3EC684101336A /* Pods-summarizeReminder.release.xcconfig */;
			buildSettings = {
				ASSETCATALOG_COMPILER_APPICON_NAME = AppIcon;
				ASSETCATALOG_COMPILER_GLOBAL_ACCENT_COLOR_NAME = AccentColor;
				CODE_SIGN_STYLE = Automatic;
				DEVELOPMENT_TEAM = 6H7CM9RQ6P;
				INFOPLIST_FILE = summarizeReminder/Info.plist;
				IPHONEOS_DEPLOYMENT_TARGET = 13.0;
				LD_RUNPATH_SEARCH_PATHS = (
					"$(inherited)",
					"@executable_path/Frameworks",
				);
				PRODUCT_BUNDLE_IDENTIFIER = com.gmail.wangyuexing34.summarizeReminder;
				PRODUCT_NAME = "$(TARGET_NAME)";
				SWIFT_VERSION = 5.0;
				TARGETED_DEVICE_FAMILY = 1;
			};
			name = Release;
		};
/* End XCBuildConfiguration section */

/* Begin XCConfigurationList section */
		8CAEF7EE26C7E94E00F1168C /* Build configuration list for PBXProject "summarizeReminder" */ = {
			isa = XCConfigurationList;
			buildConfigurations = (
				8CAEF80526C7E95200F1168C /* Debug */,
				8CAEF80626C7E95200F1168C /* Release */,
			);
			defaultConfigurationIsVisible = 0;
			defaultConfigurationName = Release;
		};
		8CAEF80726C7E95200F1168C /* Build configuration list for PBXNativeTarget "summarizeReminder" */ = {
			isa = XCConfigurationList;
			buildConfigurations = (
				8CAEF80826C7E95200F1168C /* Debug */,
				8CAEF80926C7E95200F1168C /* Release */,
			);
			defaultConfigurationIsVisible = 0;
			defaultConfigurationName = Release;
		};
/* End XCConfigurationList section */
	};
	rootObject = 8CAEF7EB26C7E94E00F1168C /* Project object */;
}
